
Microsoft Visual Studio Solution File, Format Version 12.00
# Visual Studio 2013
VisualStudioVersion = 12.0.40629.0
MinimumVisualStudioVersion = 10.0.40219.1
Project("{FAE04EC0-301F-11D3-BF4B-00C04F79EFBC}") = "Tests", "Tests\Tests.csproj", "{2FD03591-9305-4A45-8E8F-4CF4A28E5DC4}"
EndProject
Project("{FAE04EC0-301F-11D3-BF4B-00C04F79EFBC}") = "ChromaColore", "MagicTastatur\Corale.Colore\ChromaColore.csproj", "{5FE57EFB-EF8F-4C1B-8C13-0F85F3BEFFFA}"
EndProject
Project("{FAE04EC0-301F-11D3-BF4B-00C04F79EFBC}") = "SimpleChromaApp", "SimpleChromaApp\SimpleChromaApp.csproj", "{5278E3B3-4B43-4AE0-BDC2-1C1C70210788}"
EndProject
Project("{FAE04EC0-301F-11D3-BF4B-00C04F79EFBC}") = "Framework", "..\..\KinectTestFramework\src\Framework\Framework\Framework.csproj", "{08D46B18-393B-41AF-8D12-589AADBB40EB}"
EndProject
Project("{FAE04EC0-301F-11D3-BF4B-00C04F79EFBC}") = "ChromaGestureMagic", "ChromaGestureMagic\ChromaGestureMagic.csproj", "{6C1AF8C7-2B51-4847-8606-552E6AFFD589}"
EndProject
Global
	GlobalSection(SolutionConfigurationPlatforms) = preSolution
		Debug|Any CPU = Debug|Any CPU
		Debug|x64 = Debug|x64
		Debug|x86 = Debug|x86
		Release|Any CPU = Release|Any CPU
		Release|x64 = Release|x64
		Release|x86 = Release|x86
	EndGlobalSection
	GlobalSection(ProjectConfigurationPlatforms) = postSolution
		{2FD03591-9305-4A45-8E8F-4CF4A28E5DC4}.Debug|Any CPU.ActiveCfg = Debug|Any CPU
		{2FD03591-9305-4A45-8E8F-4CF4A28E5DC4}.Debug|Any CPU.Build.0 = Debug|Any CPU
		{2FD03591-9305-4A45-8E8F-4CF4A28E5DC4}.Debug|x64.ActiveCfg = Debug|Any CPU
		{2FD03591-9305-4A45-8E8F-4CF4A28E5DC4}.Debug|x64.Build.0 = Debug|Any CPU
		{2FD03591-9305-4A45-8E8F-4CF4A28E5DC4}.Debug|x86.ActiveCfg = Debug|Any CPU
		{2FD03591-9305-4A45-8E8F-4CF4A28E5DC4}.Release|Any CPU.ActiveCfg = Release|Any CPU
		{2FD03591-9305-4A45-8E8F-4CF4A28E5DC4}.Release|Any CPU.Build.0 = Release|Any CPU
		{2FD03591-9305-4A45-8E8F-4CF4A28E5DC4}.Release|x64.ActiveCfg = Release|Any CPU
		{2FD03591-9305-4A45-8E8F-4CF4A28E5DC4}.Release|x86.ActiveCfg = Release|Any CPU
		{5FE57EFB-EF8F-4C1B-8C13-0F85F3BEFFFA}.Debug|Any CPU.ActiveCfg = Debug|Any CPU
		{5FE57EFB-EF8F-4C1B-8C13-0F85F3BEFFFA}.Debug|Any CPU.Build.0 = Debug|Any CPU
		{5FE57EFB-EF8F-4C1B-8C13-0F85F3BEFFFA}.Debug|x64.ActiveCfg = Debug|x64
		{5FE57EFB-EF8F-4C1B-8C13-0F85F3BEFFFA}.Debug|x64.Build.0 = Debug|x64
		{5FE57EFB-EF8F-4C1B-8C13-0F85F3BEFFFA}.Debug|x86.ActiveCfg = Debug|x86
		{5FE57EFB-EF8F-4C1B-8C13-0F85F3BEFFFA}.Debug|x86.Build.0 = Debug|x86
		{5FE57EFB-EF8F-4C1B-8C13-0F85F3BEFFFA}.Release|Any CPU.ActiveCfg = Release|Any CPU
		{5FE57EFB-EF8F-4C1B-8C13-0F85F3BEFFFA}.Release|Any CPU.Build.0 = Release|Any CPU
		{5FE57EFB-EF8F-4C1B-8C13-0F85F3BEFFFA}.Release|x64.ActiveCfg = Release|x64
		{5FE57EFB-EF8F-4C1B-8C13-0F85F3BEFFFA}.Release|x64.Build.0 = Release|x64
		{5FE57EFB-EF8F-4C1B-8C13-0F85F3BEFFFA}.Release|x86.ActiveCfg = Release|x86
		{5FE57EFB-EF8F-4C1B-8C13-0F85F3BEFFFA}.Release|x86.Build.0 = Release|x86
		{5278E3B3-4B43-4AE0-BDC2-1C1C70210788}.Debug|Any CPU.ActiveCfg = Debug|Any CPU
		{5278E3B3-4B43-4AE0-BDC2-1C1C70210788}.Debug|Any CPU.Build.0 = Debug|Any CPU
		{5278E3B3-4B43-4AE0-BDC2-1C1C70210788}.Debug|x64.ActiveCfg = Debug|Any CPU
		{5278E3B3-4B43-4AE0-BDC2-1C1C70210788}.Debug|x86.ActiveCfg = Debug|Any CPU
		{5278E3B3-4B43-4AE0-BDC2-1C1C70210788}.Release|Any CPU.ActiveCfg = Release|Any CPU
		{5278E3B3-4B43-4AE0-BDC2-1C1C70210788}.Release|Any CPU.Build.0 = Release|Any CPU
		{5278E3B3-4B43-4AE0-BDC2-1C1C70210788}.Release|x64.ActiveCfg = Release|Any CPU
		{5278E3B3-4B43-4AE0-BDC2-1C1C70210788}.Release|x86.ActiveCfg = Release|Any CPU
		{08D46B18-393B-41AF-8D12-589AADBB40EB}.Debug|Any CPU.ActiveCfg = Debug|Any CPU
		{08D46B18-393B-41AF-8D12-589AADBB40EB}.Debug|Any CPU.Build.0 = Debug|Any CPU
		{08D46B18-393B-41AF-8D12-589AADBB40EB}.Debug|x64.ActiveCfg = Debug|x64
		{08D46B18-393B-41AF-8D12-589AADBB40EB}.Debug|x64.Build.0 = Debug|x64
		{08D46B18-393B-41AF-8D12-589AADBB40EB}.Debug|x86.ActiveCfg = Debug|Any CPU
		{08D46B18-393B-41AF-8D12-589AADBB40EB}.Release|Any CPU.ActiveCfg = Release|Any CPU
		{08D46B18-393B-41AF-8D12-589AADBB40EB}.Release|Any CPU.Build.0 = Release|Any CPU
		{08D46B18-393B-41AF-8D12-589AADBB40EB}.Release|x64.ActiveCfg = Release|x64
		{08D46B18-393B-41AF-8D12-589AADBB40EB}.Release|x64.Build.0 = Release|x64
		{08D46B18-393B-41AF-8D12-589AADBB40EB}.Release|x86.ActiveCfg = Release|Any CPU
		{6C1AF8C7-2B51-4847-8606-552E6AFFD589}.Debug|Any CPU.ActiveCfg = Debug|Any CPU
		{6C1AF8C7-2B51-4847-8606-552E6AFFD589}.Debug|Any CPU.Build.0 = Debug|Any CPU
		{6C1AF8C7-2B51-4847-8606-552E6AFFD589}.Debug|x64.ActiveCfg = Debug|Any CPU
		{6C1AF8C7-2B51-4847-8606-552E6AFFD589}.Debug|x86.ActiveCfg = Debug|Any CPU
		{6C1AF8C7-2B51-4847-8606-552E6AFFD589}.Release|Any CPU.ActiveCfg = Release|Any CPU
		{6C1AF8C7-2B51-4847-8606-552E6AFFD589}.Release|Any CPU.Build.0 = Release|Any CPU
		{6C1AF8C7-2B51-4847-8606-552E6AFFD589}.Release|x64.ActiveCfg = Release|Any CPU
		{6C1AF8C7-2B51-4847-8606-552E6AFFD589}.Release|x86.ActiveCfg = Release|Any CPU
	EndGlobalSection
	GlobalSection(SolutionProperties) = preSolution
		HideSolutionNode = FALSE
	EndGlobalSection
EndGlobal
