
Microsoft Visual Studio Solution File, Format Version 12.00
# Visual Studio 14
VisualStudioVersion = 14.0.25420.1
MinimumVisualStudioVersion = 10.0.40219.1
Project("{2150E333-8FDC-42A3-9474-1A3956D46DE8}") = "FlyWithMe", "FlyWithMe", "{A0A791DA-2174-434E-907D-5D5D111371C2}"
EndProject
Project("{D954291E-2A0B-460D-934E-DC6B0785DB48}") = "FlyWithMe.Shared", "FlyWithMe\FlyWithMe.Shared\FlyWithMe.Shared.shproj", "{3089111F-9AEA-4A8E-8041-7A4E0D42BC60}"
EndProject
Project("{FAE04EC0-301F-11D3-BF4B-00C04F79EFBC}") = "FlyWithMe.Windows", "FlyWithMe\FlyWithMe.Windows\FlyWithMe.Windows.csproj", "{DFEA77E6-8BBA-488C-8A01-19BB07AC7F0F}"
EndProject
Project("{FAE04EC0-301F-11D3-BF4B-00C04F79EFBC}") = "KinectStuff", "KinectStuff\KinectStuff.csproj", "{43DBD692-3E40-40CB-B11E-D02A2EFE4DEA}"
EndProject
Project("{FAE04EC0-301F-11D3-BF4B-00C04F79EFBC}") = "Tests", "Tests\Tests.csproj", "{9C2A477B-5167-4759-900F-063BE355EE07}"
EndProject
Global
	GlobalSection(SharedMSBuildProjectFiles) = preSolution
		FlyWithMe\FlyWithMe.Shared\FlyWithMe.Shared.projitems*{3089111f-9aea-4a8e-8041-7a4e0d42bc60}*SharedItemsImports = 13
		FlyWithMe\FlyWithMe.Shared\FlyWithMe.Shared.projitems*{9c2a477b-5167-4759-900f-063be355ee07}*SharedItemsImports = 4
		FlyWithMe\FlyWithMe.Shared\FlyWithMe.Shared.projitems*{dfea77e6-8bba-488c-8a01-19bb07ac7f0f}*SharedItemsImports = 4
	EndGlobalSection
	GlobalSection(SolutionConfigurationPlatforms) = preSolution
		Debug|Any CPU = Debug|Any CPU
		Debug|ARM = Debug|ARM
		Debug|x64 = Debug|x64
		Debug|x86 = Debug|x86
		Release|Any CPU = Release|Any CPU
		Release|ARM = Release|ARM
		Release|x64 = Release|x64
		Release|x86 = Release|x86
	EndGlobalSection
	GlobalSection(ProjectConfigurationPlatforms) = postSolution
		{DFEA77E6-8BBA-488C-8A01-19BB07AC7F0F}.Debug|Any CPU.ActiveCfg = Debug|Any CPU
		{DFEA77E6-8BBA-488C-8A01-19BB07AC7F0F}.Debug|Any CPU.Build.0 = Debug|Any CPU
		{DFEA77E6-8BBA-488C-8A01-19BB07AC7F0F}.Debug|Any CPU.Deploy.0 = Debug|Any CPU
		{DFEA77E6-8BBA-488C-8A01-19BB07AC7F0F}.Debug|ARM.ActiveCfg = Debug|ARM
		{DFEA77E6-8BBA-488C-8A01-19BB07AC7F0F}.Debug|ARM.Build.0 = Debug|ARM
		{DFEA77E6-8BBA-488C-8A01-19BB07AC7F0F}.Debug|ARM.Deploy.0 = Debug|ARM
		{DFEA77E6-8BBA-488C-8A01-19BB07AC7F0F}.Debug|x64.ActiveCfg = Debug|x64
		{DFEA77E6-8BBA-488C-8A01-19BB07AC7F0F}.Debug|x64.Build.0 = Debug|x64
		{DFEA77E6-8BBA-488C-8A01-19BB07AC7F0F}.Debug|x64.Deploy.0 = Debug|x64
		{DFEA77E6-8BBA-488C-8A01-19BB07AC7F0F}.Debug|x86.ActiveCfg = Debug|x86
		{DFEA77E6-8BBA-488C-8A01-19BB07AC7F0F}.Debug|x86.Build.0 = Debug|x86
		{DFEA77E6-8BBA-488C-8A01-19BB07AC7F0F}.Debug|x86.Deploy.0 = Debug|x86
		{DFEA77E6-8BBA-488C-8A01-19BB07AC7F0F}.Release|Any CPU.ActiveCfg = Release|Any CPU
		{DFEA77E6-8BBA-488C-8A01-19BB07AC7F0F}.Release|Any CPU.Build.0 = Release|Any CPU
		{DFEA77E6-8BBA-488C-8A01-19BB07AC7F0F}.Release|Any CPU.Deploy.0 = Release|Any CPU
		{DFEA77E6-8BBA-488C-8A01-19BB07AC7F0F}.Release|ARM.ActiveCfg = Release|ARM
		{DFEA77E6-8BBA-488C-8A01-19BB07AC7F0F}.Release|ARM.Build.0 = Release|ARM
		{DFEA77E6-8BBA-488C-8A01-19BB07AC7F0F}.Release|ARM.Deploy.0 = Release|ARM
		{DFEA77E6-8BBA-488C-8A01-19BB07AC7F0F}.Release|x64.ActiveCfg = Release|x64
		{DFEA77E6-8BBA-488C-8A01-19BB07AC7F0F}.Release|x64.Build.0 = Release|x64
		{DFEA77E6-8BBA-488C-8A01-19BB07AC7F0F}.Release|x64.Deploy.0 = Release|x64
		{DFEA77E6-8BBA-488C-8A01-19BB07AC7F0F}.Release|x86.ActiveCfg = Release|x86
		{DFEA77E6-8BBA-488C-8A01-19BB07AC7F0F}.Release|x86.Build.0 = Release|x86
		{DFEA77E6-8BBA-488C-8A01-19BB07AC7F0F}.Release|x86.Deploy.0 = Release|x86
		{43DBD692-3E40-40CB-B11E-D02A2EFE4DEA}.Debug|Any CPU.ActiveCfg = Debug|Any CPU
		{43DBD692-3E40-40CB-B11E-D02A2EFE4DEA}.Debug|Any CPU.Build.0 = Debug|Any CPU
		{43DBD692-3E40-40CB-B11E-D02A2EFE4DEA}.Debug|ARM.ActiveCfg = Debug|Any CPU
		{43DBD692-3E40-40CB-B11E-D02A2EFE4DEA}.Debug|ARM.Build.0 = Debug|Any CPU
		{43DBD692-3E40-40CB-B11E-D02A2EFE4DEA}.Debug|x64.ActiveCfg = Debug|Any CPU
		{43DBD692-3E40-40CB-B11E-D02A2EFE4DEA}.Debug|x64.Build.0 = Debug|Any CPU
		{43DBD692-3E40-40CB-B11E-D02A2EFE4DEA}.Debug|x86.ActiveCfg = Debug|Any CPU
		{43DBD692-3E40-40CB-B11E-D02A2EFE4DEA}.Debug|x86.Build.0 = Debug|Any CPU
		{43DBD692-3E40-40CB-B11E-D02A2EFE4DEA}.Release|Any CPU.ActiveCfg = Release|Any CPU
		{43DBD692-3E40-40CB-B11E-D02A2EFE4DEA}.Release|Any CPU.Build.0 = Release|Any CPU
		{43DBD692-3E40-40CB-B11E-D02A2EFE4DEA}.Release|ARM.ActiveCfg = Release|Any CPU
		{43DBD692-3E40-40CB-B11E-D02A2EFE4DEA}.Release|ARM.Build.0 = Release|Any CPU
		{43DBD692-3E40-40CB-B11E-D02A2EFE4DEA}.Release|x64.ActiveCfg = Release|Any CPU
		{43DBD692-3E40-40CB-B11E-D02A2EFE4DEA}.Release|x64.Build.0 = Release|Any CPU
		{43DBD692-3E40-40CB-B11E-D02A2EFE4DEA}.Release|x86.ActiveCfg = Release|Any CPU
		{43DBD692-3E40-40CB-B11E-D02A2EFE4DEA}.Release|x86.Build.0 = Release|Any CPU
		{9C2A477B-5167-4759-900F-063BE355EE07}.Debug|Any CPU.ActiveCfg = Debug|Any CPU
		{9C2A477B-5167-4759-900F-063BE355EE07}.Debug|Any CPU.Build.0 = Debug|Any CPU
		{9C2A477B-5167-4759-900F-063BE355EE07}.Debug|Any CPU.Deploy.0 = Debug|Any CPU
		{9C2A477B-5167-4759-900F-063BE355EE07}.Debug|ARM.ActiveCfg = Debug|ARM
		{9C2A477B-5167-4759-900F-063BE355EE07}.Debug|ARM.Build.0 = Debug|ARM
		{9C2A477B-5167-4759-900F-063BE355EE07}.Debug|ARM.Deploy.0 = Debug|ARM
		{9C2A477B-5167-4759-900F-063BE355EE07}.Debug|x64.ActiveCfg = Debug|x64
		{9C2A477B-5167-4759-900F-063BE355EE07}.Debug|x64.Build.0 = Debug|x64
		{9C2A477B-5167-4759-900F-063BE355EE07}.Debug|x64.Deploy.0 = Debug|x64
		{9C2A477B-5167-4759-900F-063BE355EE07}.Debug|x86.ActiveCfg = Debug|x86
		{9C2A477B-5167-4759-900F-063BE355EE07}.Debug|x86.Build.0 = Debug|x86
		{9C2A477B-5167-4759-900F-063BE355EE07}.Debug|x86.Deploy.0 = Debug|x86
		{9C2A477B-5167-4759-900F-063BE355EE07}.Release|Any CPU.ActiveCfg = Release|Any CPU
		{9C2A477B-5167-4759-900F-063BE355EE07}.Release|Any CPU.Build.0 = Release|Any CPU
		{9C2A477B-5167-4759-900F-063BE355EE07}.Release|Any CPU.Deploy.0 = Release|Any CPU
		{9C2A477B-5167-4759-900F-063BE355EE07}.Release|ARM.ActiveCfg = Release|ARM
		{9C2A477B-5167-4759-900F-063BE355EE07}.Release|ARM.Build.0 = Release|ARM
		{9C2A477B-5167-4759-900F-063BE355EE07}.Release|ARM.Deploy.0 = Release|ARM
		{9C2A477B-5167-4759-900F-063BE355EE07}.Release|x64.ActiveCfg = Release|x64
		{9C2A477B-5167-4759-900F-063BE355EE07}.Release|x64.Build.0 = Release|x64
		{9C2A477B-5167-4759-900F-063BE355EE07}.Release|x64.Deploy.0 = Release|x64
		{9C2A477B-5167-4759-900F-063BE355EE07}.Release|x86.ActiveCfg = Release|x86
		{9C2A477B-5167-4759-900F-063BE355EE07}.Release|x86.Build.0 = Release|x86
		{9C2A477B-5167-4759-900F-063BE355EE07}.Release|x86.Deploy.0 = Release|x86
	EndGlobalSection
	GlobalSection(SolutionProperties) = preSolution
		HideSolutionNode = FALSE
	EndGlobalSection
	GlobalSection(NestedProjects) = preSolution
		{3089111F-9AEA-4A8E-8041-7A4E0D42BC60} = {A0A791DA-2174-434E-907D-5D5D111371C2}
		{DFEA77E6-8BBA-488C-8A01-19BB07AC7F0F} = {A0A791DA-2174-434E-907D-5D5D111371C2}
		{43DBD692-3E40-40CB-B11E-D02A2EFE4DEA} = {A0A791DA-2174-434E-907D-5D5D111371C2}
		{9C2A477B-5167-4759-900F-063BE355EE07} = {A0A791DA-2174-434E-907D-5D5D111371C2}
	EndGlobalSection
EndGlobal
